
Microsoft Visual Studio Solution File, Format Version 12.00
# Visual Studio 2012
Project("{FAE04EC0-301F-11D3-BF4B-00C04F79EFBC}") = "TfsTeams", "TfsTeams CmdLine\TfsTeams.csproj", "{13B4FC3E-BFF3-4242-9961-F266F5B4A604}"
EndProject
Global
	GlobalSection(TeamFoundationVersionControl) = preSolution
		SccEnterpriseProvider = {4CA58AB2-18FA-4F8D-95D4-32DDF27D184C}
		SccLocalPath0 = .
		SccLocalPath1 = TfsTeams\u0020CmdLine
		SccNumberOfProjects = 2
		SccProjectName1 = TfsTeams\u0020CmdLine
		SccProjectUniqueName1 = TfsTeams\u0020CmdLine\\TfsTeams.csproj
		SccTeamFoundationServer = https://tfs.codeplex.com/tfs/tfs01
	EndGlobalSection
	GlobalSection(SolutionConfigurationPlatforms) = preSolution
		Debug|Any CPU = Debug|Any CPU
		Release|Any CPU = Release|Any CPU
	EndGlobalSection
	GlobalSection(ProjectConfigurationPlatforms) = postSolution
		{13B4FC3E-BFF3-4242-9961-F266F5B4A604}.Debug|Any CPU.ActiveCfg = Debug|Any CPU
		{13B4FC3E-BFF3-4242-9961-F266F5B4A604}.Debug|Any CPU.Build.0 = Debug|Any CPU
		{13B4FC3E-BFF3-4242-9961-F266F5B4A604}.Release|Any CPU.ActiveCfg = Release|Any CPU
		{13B4FC3E-BFF3-4242-9961-F266F5B4A604}.Release|Any CPU.Build.0 = Release|Any CPU
	EndGlobalSection
	GlobalSection(SolutionProperties) = preSolution
		HideSolutionNode = FALSE
	EndGlobalSection
EndGlobal
