
Microsoft Visual Studio Solution File, Format Version 12.00
# Visual Studio Version 16
VisualStudioVersion = 16.0.29519.87
MinimumVisualStudioVersion = 10.0.40219.1
Project("{9A19103F-16F7-4668-BE54-9A1E7A4F7556}") = "TfsTeams", "TfsTeams CmdLine\TfsTeams.csproj", "{13B4FC3E-BFF3-4242-9961-F266F5B4A604}"
EndProject
Project("{2150E333-8FDC-42A3-9474-1A3956D46DE8}") = "Solution Items", "Solution Items", "{3AEF9A54-F326-4140-9CE6-B911E140BC46}"
	ProjectSection(SolutionItems) = preProject
		azure-pipelines.yaml = azure-pipelines.yaml
		extension-icon.png = extension-icon.png
		extension-icon.psd = extension-icon.psd
		LICENSE.md = LICENSE.md
		PRIVACY.md = PRIVACY.md
		README.md = README.md
		vss-extension.json = vss-extension.json
	EndProjectSection
EndProject
Global
	GlobalSection(SolutionConfigurationPlatforms) = preSolution
		Debug|Any CPU = Debug|Any CPU
		Release|Any CPU = Release|Any CPU
	EndGlobalSection
	GlobalSection(ProjectConfigurationPlatforms) = postSolution
		{13B4FC3E-BFF3-4242-9961-F266F5B4A604}.Debug|Any CPU.ActiveCfg = Debug|Any CPU
		{13B4FC3E-BFF3-4242-9961-F266F5B4A604}.Debug|Any CPU.Build.0 = Debug|Any CPU
		{13B4FC3E-BFF3-4242-9961-F266F5B4A604}.Release|Any CPU.ActiveCfg = Release|Any CPU
		{13B4FC3E-BFF3-4242-9961-F266F5B4A604}.Release|Any CPU.Build.0 = Release|Any CPU
	EndGlobalSection
	GlobalSection(SolutionProperties) = preSolution
		HideSolutionNode = FALSE
	EndGlobalSection
	GlobalSection(ExtensibilityGlobals) = postSolution
		SolutionGuid = {B05351E4-A704-4D17-AA3F-E734CC31C05D}
	EndGlobalSection
EndGlobal
